
Microsoft Visual Studio Solution File, Format Version 12.00
# Visual Studio 15
VisualStudioVersion = 15.0.28307.1209
MinimumVisualStudioVersion = 10.0.40219.1
Project("{FAE04EC0-301F-11D3-BF4B-00C04F79EFBC}") = "vacations", "vacations\vacations.csproj", "{470C8CCF-0D0E-4BFF-85F3-42E2E3F7FEDD}"
EndProject
Global
	GlobalSection(SolutionConfigurationPlatforms) = preSolution
		Debug|Any CPU = Debug|Any CPU
		Release|Any CPU = Release|Any CPU
	EndGlobalSection
	GlobalSection(ProjectConfigurationPlatforms) = postSolution
		{470C8CCF-0D0E-4BFF-85F3-42E2E3F7FEDD}.Debug|Any CPU.ActiveCfg = Debug|Any CPU
		{470C8CCF-0D0E-4BFF-85F3-42E2E3F7FEDD}.Debug|Any CPU.Build.0 = Debug|Any CPU
		{470C8CCF-0D0E-4BFF-85F3-42E2E3F7FEDD}.Release|Any CPU.ActiveCfg = Release|Any CPU
		{470C8CCF-0D0E-4BFF-85F3-42E2E3F7FEDD}.Release|Any CPU.Build.0 = Release|Any CPU
	EndGlobalSection
	GlobalSection(SolutionProperties) = preSolution
		HideSolutionNode = FALSE
	EndGlobalSection
	GlobalSection(ExtensibilityGlobals) = postSolution
		SolutionGuid = {B4D55B34-16DA-4D71-92BA-9B8EBC9CC648}
	EndGlobalSection
EndGlobal
